// !$*UTF8*$!
{
	archiveVersion = 1;
	classes = {
	};
	objectVersion = 56;
	objects = {

/* Begin PBXBuildFile section */
		001FBEC52B67895C001CDCE5 /* AppDelegate.swift in Sources */ = {isa = PBXBuildFile; fileRef = 001FBEC42B67895C001CDCE5 /* AppDelegate.swift */; };
		001FBEC72B67895C001CDCE5 /* SceneDelegate.swift in Sources */ = {isa = PBXBuildFile; fileRef = 001FBEC62B67895C001CDCE5 /* SceneDelegate.swift */; };
		001FBEC92B67895C001CDCE5 /* ViewController.swift in Sources */ = {isa = PBXBuildFile; fileRef = 001FBEC82B67895C001CDCE5 /* ViewController.swift */; };
		001FBECF2B67895C001CDCE5 /* Insta.xcdatamodeld in Sources */ = {isa = PBXBuildFile; fileRef = 001FBECD2B67895C001CDCE5 /* Insta.xcdatamodeld */; };
		001FBED12B67895D001CDCE5 /* Assets.xcassets in Resources */ = {isa = PBXBuildFile; fileRef = 001FBED02B67895D001CDCE5 /* Assets.xcassets */; };
		001FBED42B67895D001CDCE5 /* LaunchScreen.storyboard in Resources */ = {isa = PBXBuildFile; fileRef = 001FBED22B67895D001CDCE5 /* LaunchScreen.storyboard */; };
		001FBEDC2B67BBF0001CDCE5 /* ProfileDesignViewController.swift in Sources */ = {isa = PBXBuildFile; fileRef = 001FBEDB2B67BBF0001CDCE5 /* ProfileDesignViewController.swift */; };
		001FBEDF2B69E09E001CDCE5 /* SnapKit in Frameworks */ = {isa = PBXBuildFile; productRef = 001FBEDE2B69E09E001CDCE5 /* SnapKit */; };
		001FBEE12B69E09E001CDCE5 /* SnapKit-Dynamic in Frameworks */ = {isa = PBXBuildFile; productRef = 001FBEE02B69E09E001CDCE5 /* SnapKit-Dynamic */; };
		001FBEE32B6A218E001CDCE5 /* CollectionViewCell.swift in Sources */ = {isa = PBXBuildFile; fileRef = 001FBEE22B6A218E001CDCE5 /* CollectionViewCell.swift */; };
		001FBEE52B6A3EA5001CDCE5 /* TabBarController.swift in Sources */ = {isa = PBXBuildFile; fileRef = 001FBEE42B6A3EA5001CDCE5 /* TabBarController.swift */; };
/* End PBXBuildFile section */

/* Begin PBXFileReference section */
		001FBEC12B67895C001CDCE5 /* Insta.app */ = {isa = PBXFileReference; explicitFileType = wrapper.application; includeInIndex = 0; path = Insta.app; sourceTree = BUILT_PRODUCTS_DIR; };
		001FBEC42B67895C001CDCE5 /* AppDelegate.swift */ = {isa = PBXFileReference; lastKnownFileType = sourcecode.swift; path = AppDelegate.swift; sourceTree = "<group>"; };
		001FBEC62B67895C001CDCE5 /* SceneDelegate.swift */ = {isa = PBXFileReference; lastKnownFileType = sourcecode.swift; path = SceneDelegate.swift; sourceTree = "<group>"; };
		001FBEC82B67895C001CDCE5 /* ViewController.swift */ = {isa = PBXFileReference; lastKnownFileType = sourcecode.swift; path = ViewController.swift; sourceTree = "<group>"; };
		001FBECE2B67895C001CDCE5 /* Insta.xcdatamodel */ = {isa = PBXFileReference; lastKnownFileType = wrapper.xcdatamodel; path = Insta.xcdatamodel; sourceTree = "<group>"; };
		001FBED02B67895D001CDCE5 /* Assets.xcassets */ = {isa = PBXFileReference; lastKnownFileType = folder.assetcatalog; path = Assets.xcassets; sourceTree = "<group>"; };
		001FBED32B67895D001CDCE5 /* Base */ = {isa = PBXFileReference; lastKnownFileType = file.storyboard; name = Base; path = Base.lproj/LaunchScreen.storyboard; sourceTree = "<group>"; };
		001FBED52B67895D001CDCE5 /* Info.plist */ = {isa = PBXFileReference; lastKnownFileType = text.plist.xml; path = Info.plist; sourceTree = "<group>"; };
		001FBEDB2B67BBF0001CDCE5 /* ProfileDesignViewController.swift */ = {isa = PBXFileReference; lastKnownFileType = sourcecode.swift; path = ProfileDesignViewController.swift; sourceTree = "<group>"; };
		001FBEE22B6A218E001CDCE5 /* CollectionViewCell.swift */ = {isa = PBXFileReference; lastKnownFileType = sourcecode.swift; path = CollectionViewCell.swift; sourceTree = "<group>"; };
		001FBEE42B6A3EA5001CDCE5 /* TabBarController.swift */ = {isa = PBXFileReference; lastKnownFileType = sourcecode.swift; path = TabBarController.swift; sourceTree = "<group>"; };
/* End PBXFileReference section */

/* Begin PBXFrameworksBuildPhase section */
		001FBEBE2B67895C001CDCE5 /* Frameworks */ = {
			isa = PBXFrameworksBuildPhase;
			buildActionMask = 2147483647;
			files = (
				001FBEDF2B69E09E001CDCE5 /* SnapKit in Frameworks */,
				001FBEE12B69E09E001CDCE5 /* SnapKit-Dynamic in Frameworks */,
			);
			runOnlyForDeploymentPostprocessing = 0;
		};
/* End PBXFrameworksBuildPhase section */

/* Begin PBXGroup section */
		001FBEB82B67895C001CDCE5 = {
			isa = PBXGroup;
			children = (
				001FBEC32B67895C001CDCE5 /* Insta */,
				001FBEC22B67895C001CDCE5 /* Products */,
			);
			sourceTree = "<group>";
		};
		001FBEC22B67895C001CDCE5 /* Products */ = {
			isa = PBXGroup;
			children = (
				001FBEC12B67895C001CDCE5 /* Insta.app */,
			);
			name = Products;
			sourceTree = "<group>";
		};
		001FBEC32B67895C001CDCE5 /* Insta */ = {
			isa = PBXGroup;
			children = (
				001FBEC42B67895C001CDCE5 /* AppDelegate.swift */,
				001FBEC62B67895C001CDCE5 /* SceneDelegate.swift */,
				001FBEC82B67895C001CDCE5 /* ViewController.swift */,
				001FBEE42B6A3EA5001CDCE5 /* TabBarController.swift */,
				001FBEDB2B67BBF0001CDCE5 /* ProfileDesignViewController.swift */,
				001FBEE22B6A218E001CDCE5 /* CollectionViewCell.swift */,
				001FBED02B67895D001CDCE5 /* Assets.xcassets */,
				001FBED22B67895D001CDCE5 /* LaunchScreen.storyboard */,
				001FBED52B67895D001CDCE5 /* Info.plist */,
				001FBECD2B67895C001CDCE5 /* Insta.xcdatamodeld */,
			);
			path = Insta;
			sourceTree = "<group>";
		};
/* End PBXGroup section */

/* Begin PBXNativeTarget section */
		001FBEC02B67895C001CDCE5 /* Insta */ = {
			isa = PBXNativeTarget;
			buildConfigurationList = 001FBED82B67895D001CDCE5 /* Build configuration list for PBXNativeTarget "Insta" */;
			buildPhases = (
				001FBEBD2B67895C001CDCE5 /* Sources */,
				001FBEBE2B67895C001CDCE5 /* Frameworks */,
				001FBEBF2B67895C001CDCE5 /* Resources */,
			);
			buildRules = (
			);
			dependencies = (
			);
			name = Insta;
			packageProductDependencies = (
				001FBEDE2B69E09E001CDCE5 /* SnapKit */,
				001FBEE02B69E09E001CDCE5 /* SnapKit-Dynamic */,
			);
			productName = Insta;
			productReference = 001FBEC12B67895C001CDCE5 /* Insta.app */;
			productType = "com.apple.product-type.application";
		};
/* End PBXNativeTarget section */

/* Begin PBXProject section */
		001FBEB92B67895C001CDCE5 /* Project object */ = {
			isa = PBXProject;
			attributes = {
				BuildIndependentTargetsInParallel = 1;
				LastSwiftUpdateCheck = 1500;
				LastUpgradeCheck = 1500;
				TargetAttributes = {
					001FBEC02B67895C001CDCE5 = {
						CreatedOnToolsVersion = 15.0.1;
					};
				};
			};
			buildConfigurationList = 001FBEBC2B67895C001CDCE5 /* Build configuration list for PBXProject "Insta" */;
			compatibilityVersion = "Xcode 14.0";
			developmentRegion = en;
			hasScannedForEncodings = 0;
			knownRegions = (
				en,
				Base,
			);
			mainGroup = 001FBEB82B67895C001CDCE5;
			packageReferences = (
				001FBEDD2B69E09E001CDCE5 /* XCRemoteSwiftPackageReference "SnapKit" */,
			);
			productRefGroup = 001FBEC22B67895C001CDCE5 /* Products */;
			projectDirPath = "";
			projectRoot = "";
			targets = (
				001FBEC02B67895C001CDCE5 /* Insta */,
			);
		};
/* End PBXProject section */

/* Begin PBXResourcesBuildPhase section */
		001FBEBF2B67895C001CDCE5 /* Resources */ = {
			isa = PBXResourcesBuildPhase;
			buildActionMask = 2147483647;
			files = (
				001FBED42B67895D001CDCE5 /* LaunchScreen.storyboard in Resources */,
				001FBED12B67895D001CDCE5 /* Assets.xcassets in Resources */,
			);
			runOnlyForDeploymentPostprocessing = 0;
		};
/* End PBXResourcesBuildPhase section */

/* Begin PBXSourcesBuildPhase section */
		001FBEBD2B67895C001CDCE5 /* Sources */ = {
			isa = PBXSourcesBuildPhase;
			buildActionMask = 2147483647;
			files = (
				001FBEC92B67895C001CDCE5 /* ViewController.swift in Sources */,
				001FBECF2B67895C001CDCE5 /* Insta.xcdatamodeld in Sources */,
				001FBEE32B6A218E001CDCE5 /* CollectionViewCell.swift in Sources */,
				001FBEE52B6A3EA5001CDCE5 /* TabBarController.swift in Sources */,
				001FBEC52B67895C001CDCE5 /* AppDelegate.swift in Sources */,
				001FBEC72B67895C001CDCE5 /* SceneDelegate.swift in Sources */,
				001FBEDC2B67BBF0001CDCE5 /* ProfileDesignViewController.swift in Sources */,
			);
			runOnlyForDeploymentPostprocessing = 0;
		};
/* End PBXSourcesBuildPhase section */

/* Begin PBXVariantGroup section */
		001FBED22B67895D001CDCE5 /* LaunchScreen.storyboard */ = {
			isa = PBXVariantGroup;
			children = (
				001FBED32B67895D001CDCE5 /* Base */,
			);
			name = LaunchScreen.storyboard;
			sourceTree = "<group>";
		};
/* End PBXVariantGroup section */

/* Begin XCBuildConfiguration section */
		001FBED62B67895D001CDCE5 /* Debug */ = {
			isa = XCBuildConfiguration;
			buildSettings = {
				ALWAYS_SEARCH_USER_PATHS = NO;
				ASSETCATALOG_COMPILER_GENERATE_SWIFT_ASSET_SYMBOL_EXTENSIONS = YES;
				CLANG_ANALYZER_NONNULL = YES;
				CLANG_ANALYZER_NUMBER_OBJECT_CONVERSION = YES_AGGRESSIVE;
				CLANG_CXX_LANGUAGE_STANDARD = "gnu++20";
				CLANG_ENABLE_MODULES = YES;
				CLANG_ENABLE_OBJC_ARC = YES;
				CLANG_ENABLE_OBJC_WEAK = YES;
				CLANG_WARN_BLOCK_CAPTURE_AUTORELEASING = YES;
				CLANG_WARN_BOOL_CONVERSION = YES;
				CLANG_WARN_COMMA = YES;
				CLANG_WARN_CONSTANT_CONVERSION = YES;
				CLANG_WARN_DEPRECATED_OBJC_IMPLEMENTATIONS = YES;
				CLANG_WARN_DIRECT_OBJC_ISA_USAGE = YES_ERROR;
				CLANG_WARN_DOCUMENTATION_COMMENTS = YES;
				CLANG_WARN_EMPTY_BODY = YES;
				CLANG_WARN_ENUM_CONVERSION = YES;
				CLANG_WARN_INFINITE_RECURSION = YES;
				CLANG_WARN_INT_CONVERSION = YES;
				CLANG_WARN_NON_LITERAL_NULL_CONVERSION = YES;
				CLANG_WARN_OBJC_IMPLICIT_RETAIN_SELF = YES;
				CLANG_WARN_OBJC_LITERAL_CONVERSION = YES;
				CLANG_WARN_OBJC_ROOT_CLASS = YES_ERROR;
				CLANG_WARN_QUOTED_INCLUDE_IN_FRAMEWORK_HEADER = YES;
				CLANG_WARN_RANGE_LOOP_ANALYSIS = YES;
				CLANG_WARN_STRICT_PROTOTYPES = YES;
				CLANG_WARN_SUSPICIOUS_MOVE = YES;
				CLANG_WARN_UNGUARDED_AVAILABILITY = YES_AGGRESSIVE;
				CLANG_WARN_UNREACHABLE_CODE = YES;
				CLANG_WARN__DUPLICATE_METHOD_MATCH = YES;
				COPY_PHASE_STRIP = NO;
				DEBUG_INFORMATION_FORMAT = dwarf;
				ENABLE_STRICT_OBJC_MSGSEND = YES;
				ENABLE_TESTABILITY = YES;
				ENABLE_USER_SCRIPT_SANDBOXING = YES;
				GCC_C_LANGUAGE_STANDARD = gnu17;
				GCC_DYNAMIC_NO_PIC = NO;
				GCC_NO_COMMON_BLOCKS = YES;
				GCC_OPTIMIZATION_LEVEL = 0;
				GCC_PREPROCESSOR_DEFINITIONS = (
					"DEBUG=1",
					"$(inherited)",
				);
				GCC_WARN_64_TO_32_BIT_CONVERSION = YES;
				GCC_WARN_ABOUT_RETURN_TYPE = YES_ERROR;
				GCC_WARN_UNDECLARED_SELECTOR = YES;
				GCC_WARN_UNINITIALIZED_AUTOS = YES_AGGRESSIVE;
				GCC_WARN_UNUSED_FUNCTION = YES;
				GCC_WARN_UNUSED_VARIABLE = YES;
				IPHONEOS_DEPLOYMENT_TARGET = 17.0;
				LOCALIZATION_PREFERS_STRING_CATALOGS = YES;
				MTL_ENABLE_DEBUG_INFO = INCLUDE_SOURCE;
				MTL_FAST_MATH = YES;
				ONLY_ACTIVE_ARCH = YES;
				SDKROOT = iphoneos;
				SWIFT_ACTIVE_COMPILATION_CONDITIONS = "DEBUG $(inherited)";
				SWIFT_OPTIMIZATION_LEVEL = "-Onone";
			};
			name = Debug;
		};
		001FBED72B67895D001CDCE5 /* Release */ = {
			isa = XCBuildConfiguration;
			buildSettings = {
				ALWAYS_SEARCH_USER_PATHS = NO;
				ASSETCATALOG_COMPILER_GENERATE_SWIFT_ASSET_SYMBOL_EXTENSIONS = YES;
				CLANG_ANALYZER_NONNULL = YES;
				CLANG_ANALYZER_NUMBER_OBJECT_CONVERSION = YES_AGGRESSIVE;
				CLANG_CXX_LANGUAGE_STANDARD = "gnu++20";
				CLANG_ENABLE_MODULES = YES;
				CLANG_ENABLE_OBJC_ARC = YES;
				CLANG_ENABLE_OBJC_WEAK = YES;
				CLANG_WARN_BLOCK_CAPTURE_AUTORELEASING = YES;
				CLANG_WARN_BOOL_CONVERSION = YES;
				CLANG_WARN_COMMA = YES;
				CLANG_WARN_CONSTANT_CONVERSION = YES;
				CLANG_WARN_DEPRECATED_OBJC_IMPLEMENTATIONS = YES;
				CLANG_WARN_DIRECT_OBJC_ISA_USAGE = YES_ERROR;
				CLANG_WARN_DOCUMENTATION_COMMENTS = YES;
				CLANG_WARN_EMPTY_BODY = YES;
				CLANG_WARN_ENUM_CONVERSION = YES;
				CLANG_WARN_INFINITE_RECURSION = YES;
				CLANG_WARN_INT_CONVERSION = YES;
				CLANG_WARN_NON_LITERAL_NULL_CONVERSION = YES;
				CLANG_WARN_OBJC_IMPLICIT_RETAIN_SELF = YES;
				CLANG_WARN_OBJC_LITERAL_CONVERSION = YES;
				CLANG_WARN_OBJC_ROOT_CLASS = YES_ERROR;
				CLANG_WARN_QUOTED_INCLUDE_IN_FRAMEWORK_HEADER = YES;
				CLANG_WARN_RANGE_LOOP_ANALYSIS = YES;
				CLANG_WARN_STRICT_PROTOTYPES = YES;
				CLANG_WARN_SUSPICIOUS_MOVE = YES;
				CLANG_WARN_UNGUARDED_AVAILABILITY = YES_AGGRESSIVE;
				CLANG_WARN_UNREACHABLE_CODE = YES;
				CLANG_WARN__DUPLICATE_METHOD_MATCH = YES;
				COPY_PHASE_STRIP = NO;
				DEBUG_INFORMATION_FORMAT = "dwarf-with-dsym";
				ENABLE_NS_ASSERTIONS = NO;
				ENABLE_STRICT_OBJC_MSGSEND = YES;
				ENABLE_USER_SCRIPT_SANDBOXING = YES;
				GCC_C_LANGUAGE_STANDARD = gnu17;
				GCC_NO_COMMON_BLOCKS = YES;
				GCC_WARN_64_TO_32_BIT_CONVERSION = YES;
				GCC_WARN_ABOUT_RETURN_TYPE = YES_ERROR;
				GCC_WARN_UNDECLARED_SELECTOR = YES;
				GCC_WARN_UNINITIALIZED_AUTOS = YES_AGGRESSIVE;
				GCC_WARN_UNUSED_FUNCTION = YES;
				GCC_WARN_UNUSED_VARIABLE = YES;
				IPHONEOS_DEPLOYMENT_TARGET = 17.0;
				LOCALIZATION_PREFERS_STRING_CATALOGS = YES;
				MTL_ENABLE_DEBUG_INFO = NO;
				MTL_FAST_MATH = YES;
				SDKROOT = iphoneos;
				SWIFT_COMPILATION_MODE = wholemodule;
				VALIDATE_PRODUCT = YES;
			};
			name = Release;
		};
		001FBED92B67895D001CDCE5 /* Debug */ = {
			isa = XCBuildConfiguration;
			buildSettings = {
				ASSETCATALOG_COMPILER_APPICON_NAME = AppIcon;
				ASSETCATALOG_COMPILER_GLOBAL_ACCENT_COLOR_NAME = AccentColor;
				CODE_SIGN_STYLE = Automatic;
				CURRENT_PROJECT_VERSION = 1;
				GENERATE_INFOPLIST_FILE = YES;
				INFOPLIST_FILE = Insta/Info.plist;
				INFOPLIST_KEY_UIApplicationSupportsIndirectInputEvents = YES;
				INFOPLIST_KEY_UILaunchStoryboardName = LaunchScreen;
				INFOPLIST_KEY_UISupportedInterfaceOrientations_iPad = "UIInterfaceOrientationPortrait UIInterfaceOrientationPortraitUpsideDown UIInterfaceOrientationLandscapeLeft UIInterfaceOrientationLandscapeRight";
				INFOPLIST_KEY_UISupportedInterfaceOrientations_iPhone = "UIInterfaceOrientationPortrait UIInterfaceOrientationLandscapeLeft UIInterfaceOrientationLandscapeRight";
				LD_RUNPATH_SEARCH_PATHS = (
					"$(inherited)",
					"@executable_path/Frameworks",
				);
				MARKETING_VERSION = 1.0;
				PRODUCT_BUNDLE_IDENTIFIER = camp.Insta;
				PRODUCT_NAME = "$(TARGET_NAME)";
				SWIFT_EMIT_LOC_STRINGS = YES;
				SWIFT_VERSION = 5.0;
				TARGETED_DEVICE_FAMILY = "1,2";
			};
			name = Debug;
		};
		001FBEDA2B67895D001CDCE5 /* Release */ = {
			isa = XCBuildConfiguration;
			buildSettings = {
				ASSETCATALOG_COMPILER_APPICON_NAME = AppIcon;
				ASSETCATALOG_COMPILER_GLOBAL_ACCENT_COLOR_NAME = AccentColor;
				CODE_SIGN_STYLE = Automatic;
				CURRENT_PROJECT_VERSION = 1;
				GENERATE_INFOPLIST_FILE = YES;
				INFOPLIST_FILE = Insta/Info.plist;
				INFOPLIST_KEY_UIApplicationSupportsIndirectInputEvents = YES;
				INFOPLIST_KEY_UILaunchStoryboardName = LaunchScreen;
				INFOPLIST_KEY_UISupportedInterfaceOrientations_iPad = "UIInterfaceOrientationPortrait UIInterfaceOrientationPortraitUpsideDown UIInterfaceOrientationLandscapeLeft UIInterfaceOrientationLandscapeRight";
				INFOPLIST_KEY_UISupportedInterfaceOrientations_iPhone = "UIInterfaceOrientationPortrait UIInterfaceOrientationLandscapeLeft UIInterfaceOrientationLandscapeRight";
				LD_RUNPATH_SEARCH_PATHS = (
					"$(inherited)",
					"@executable_path/Frameworks",
				);
				MARKETING_VERSION = 1.0;
				PRODUCT_BUNDLE_IDENTIFIER = camp.Insta;
				PRODUCT_NAME = "$(TARGET_NAME)";
				SWIFT_EMIT_LOC_STRINGS = YES;
				SWIFT_VERSION = 5.0;
				TARGETED_DEVICE_FAMILY = "1,2";
			};
			name = Release;
		};
/* End XCBuildConfiguration section */

/* Begin XCConfigurationList section */
		001FBEBC2B67895C001CDCE5 /* Build configuration list for PBXProject "Insta" */ = {
			isa = XCConfigurationList;
			buildConfigurations = (
				001FBED62B67895D001CDCE5 /* Debug */,
				001FBED72B67895D001CDCE5 /* Release */,
			);
			defaultConfigurationIsVisible = 0;
			defaultConfigurationName = Release;
		};
		001FBED82B67895D001CDCE5 /* Build configuration list for PBXNativeTarget "Insta" */ = {
			isa = XCConfigurationList;
			buildConfigurations = (
				001FBED92B67895D001CDCE5 /* Debug */,
				001FBEDA2B67895D001CDCE5 /* Release */,
			);
			defaultConfigurationIsVisible = 0;
			defaultConfigurationName = Release;
		};
/* End XCConfigurationList section */

/* Begin XCRemoteSwiftPackageReference section */
		001FBEDD2B69E09E001CDCE5 /* XCRemoteSwiftPackageReference "SnapKit" */ = {
			isa = XCRemoteSwiftPackageReference;
			repositoryURL = "https://github.com/SnapKit/SnapKit.git";
			requirement = {
				kind = upToNextMajorVersion;
				minimumVersion = 5.7.0;
			};
		};
/* End XCRemoteSwiftPackageReference section */

/* Begin XCSwiftPackageProductDependency section */
		001FBEDE2B69E09E001CDCE5 /* SnapKit */ = {
			isa = XCSwiftPackageProductDependency;
			package = 001FBEDD2B69E09E001CDCE5 /* XCRemoteSwiftPackageReference "SnapKit" */;
			productName = SnapKit;
		};
		001FBEE02B69E09E001CDCE5 /* SnapKit-Dynamic */ = {
			isa = XCSwiftPackageProductDependency;
			package = 001FBEDD2B69E09E001CDCE5 /* XCRemoteSwiftPackageReference "SnapKit" */;
			productName = "SnapKit-Dynamic";
		};
/* End XCSwiftPackageProductDependency section */

/* Begin XCVersionGroup section */
		001FBECD2B67895C001CDCE5 /* Insta.xcdatamodeld */ = {
			isa = XCVersionGroup;
			children = (
				001FBECE2B67895C001CDCE5 /* Insta.xcdatamodel */,
			);
			currentVersion = 001FBECE2B67895C001CDCE5 /* Insta.xcdatamodel */;
			path = Insta.xcdatamodeld;
			sourceTree = "<group>";
			versionGroupType = wrapper.xcdatamodel;
		};
/* End XCVersionGroup section */
	};
	rootObject = 001FBEB92B67895C001CDCE5 /* Project object */;
}
